
Microsoft Visual Studio Solution File, Format Version 12.00
Project("{FAE04EC0-301F-11D3-BF4B-00C04F79EFBC}") = "Strategy", "Strategy\Strategy.csproj", "{F83B616A-6B4B-404B-80CA-ED4577EE89D4}"
EndProject
Project("{FAE04EC0-301F-11D3-BF4B-00C04F79EFBC}") = "Template Method", "Template Method\Template Method.csproj", "{8D03B2ED-DC50-40F0-AA2B-91820A2BBA4D}"
EndProject
Project("{FAE04EC0-301F-11D3-BF4B-00C04F79EFBC}") = "Facade", "Facade\Facade.csproj", "{F6A5D968-1D13-43E5-8498-73CA64D58726}"
EndProject
Project("{FAE04EC0-301F-11D3-BF4B-00C04F79EFBC}") = "Mediator", "Mediator\Mediator.csproj", "{775E3478-6EFF-4321-8691-F65C295AFC81}"
EndProject
Project("{FAE04EC0-301F-11D3-BF4B-00C04F79EFBC}") = "Singleton", "Singleton\Singleton.csproj", "{9BDA4D40-15EA-4065-A867-682DC816D091}"
EndProject
Project("{FAE04EC0-301F-11D3-BF4B-00C04F79EFBC}") = "Factory", "Factory\Factory.csproj", "{30986A23-B56B-4D3D-9156-71C59AEAEC08}"
EndProject
Global
	GlobalSection(SolutionConfigurationPlatforms) = preSolution
		Debug|Any CPU = Debug|Any CPU
		Release|Any CPU = Release|Any CPU
	EndGlobalSection
	GlobalSection(ProjectConfigurationPlatforms) = postSolution
		{F83B616A-6B4B-404B-80CA-ED4577EE89D4}.Debug|Any CPU.ActiveCfg = Debug|Any CPU
		{F83B616A-6B4B-404B-80CA-ED4577EE89D4}.Debug|Any CPU.Build.0 = Debug|Any CPU
		{F83B616A-6B4B-404B-80CA-ED4577EE89D4}.Release|Any CPU.ActiveCfg = Release|Any CPU
		{F83B616A-6B4B-404B-80CA-ED4577EE89D4}.Release|Any CPU.Build.0 = Release|Any CPU
		{8D03B2ED-DC50-40F0-AA2B-91820A2BBA4D}.Debug|Any CPU.ActiveCfg = Debug|Any CPU
		{8D03B2ED-DC50-40F0-AA2B-91820A2BBA4D}.Debug|Any CPU.Build.0 = Debug|Any CPU
		{8D03B2ED-DC50-40F0-AA2B-91820A2BBA4D}.Release|Any CPU.ActiveCfg = Release|Any CPU
		{8D03B2ED-DC50-40F0-AA2B-91820A2BBA4D}.Release|Any CPU.Build.0 = Release|Any CPU
		{F6A5D968-1D13-43E5-8498-73CA64D58726}.Debug|Any CPU.ActiveCfg = Debug|Any CPU
		{F6A5D968-1D13-43E5-8498-73CA64D58726}.Debug|Any CPU.Build.0 = Debug|Any CPU
		{F6A5D968-1D13-43E5-8498-73CA64D58726}.Release|Any CPU.ActiveCfg = Release|Any CPU
		{F6A5D968-1D13-43E5-8498-73CA64D58726}.Release|Any CPU.Build.0 = Release|Any CPU
		{775E3478-6EFF-4321-8691-F65C295AFC81}.Debug|Any CPU.ActiveCfg = Debug|Any CPU
		{775E3478-6EFF-4321-8691-F65C295AFC81}.Debug|Any CPU.Build.0 = Debug|Any CPU
		{775E3478-6EFF-4321-8691-F65C295AFC81}.Release|Any CPU.ActiveCfg = Release|Any CPU
		{775E3478-6EFF-4321-8691-F65C295AFC81}.Release|Any CPU.Build.0 = Release|Any CPU
		{9BDA4D40-15EA-4065-A867-682DC816D091}.Debug|Any CPU.ActiveCfg = Debug|Any CPU
		{9BDA4D40-15EA-4065-A867-682DC816D091}.Debug|Any CPU.Build.0 = Debug|Any CPU
		{9BDA4D40-15EA-4065-A867-682DC816D091}.Release|Any CPU.ActiveCfg = Release|Any CPU
		{9BDA4D40-15EA-4065-A867-682DC816D091}.Release|Any CPU.Build.0 = Release|Any CPU
		{30986A23-B56B-4D3D-9156-71C59AEAEC08}.Debug|Any CPU.ActiveCfg = Debug|Any CPU
		{30986A23-B56B-4D3D-9156-71C59AEAEC08}.Debug|Any CPU.Build.0 = Debug|Any CPU
		{30986A23-B56B-4D3D-9156-71C59AEAEC08}.Release|Any CPU.ActiveCfg = Release|Any CPU
		{30986A23-B56B-4D3D-9156-71C59AEAEC08}.Release|Any CPU.Build.0 = Release|Any CPU
	EndGlobalSection
EndGlobal
